// !$*UTF8*$!
{
	archiveVersion = 1;
	classes = {
	};
	objectVersion = 46;
	objects = {

/* Begin PBXBuildFile section */
		C58D29091A23694200EC4357 /* AppDelegate.swift in Sources */ = {isa = PBXBuildFile; fileRef = C58D29081A23694200EC4357 /* AppDelegate.swift */; };
		C58D290B1A23694200EC4357 /* ViewController.swift in Sources */ = {isa = PBXBuildFile; fileRef = C58D290A1A23694200EC4357 /* ViewController.swift */; };
		C58D290E1A23694200EC4357 /* Main.storyboard in Resources */ = {isa = PBXBuildFile; fileRef = C58D290C1A23694200EC4357 /* Main.storyboard */; };
		C58D29101A23694200EC4357 /* Images.xcassets in Resources */ = {isa = PBXBuildFile; fileRef = C58D290F1A23694200EC4357 /* Images.xcassets */; };
		C58D29131A23694200EC4357 /* LaunchScreen.xib in Resources */ = {isa = PBXBuildFile; fileRef = C58D29111A23694200EC4357 /* LaunchScreen.xib */; };
		C58D291F1A23694200EC4357 /* SwiftPianoTests.swift in Sources */ = {isa = PBXBuildFile; fileRef = C58D291E1A23694200EC4357 /* SwiftPianoTests.swift */; };
		C58D293A1A2379D000EC4357 /* black.jpg in Resources */ = {isa = PBXBuildFile; fileRef = C58D292A1A2379D000EC4357 /* black.jpg */; };
		C58D293B1A2379D000EC4357 /* white.jpg in Resources */ = {isa = PBXBuildFile; fileRef = C58D292B1A2379D000EC4357 /* white.jpg */; };
		C58D293C1A2379D000EC4357 /* A#.mp3 in Resources */ = {isa = PBXBuildFile; fileRef = C58D292D1A2379D000EC4357 /* A#.mp3 */; };
		C58D293D1A2379D000EC4357 /* A.mp3 in Resources */ = {isa = PBXBuildFile; fileRef = C58D292E1A2379D000EC4357 /* A.mp3 */; };
		C58D293E1A2379D000EC4357 /* B.mp3 in Resources */ = {isa = PBXBuildFile; fileRef = C58D292F1A2379D000EC4357 /* B.mp3 */; };
		C58D293F1A2379D000EC4357 /* C#.mp3 in Resources */ = {isa = PBXBuildFile; fileRef = C58D29301A2379D000EC4357 /* C#.mp3 */; };
		C58D29401A2379D000EC4357 /* C3.mp3 in Resources */ = {isa = PBXBuildFile; fileRef = C58D29311A2379D000EC4357 /* C3.mp3 */; };
		C58D29411A2379D000EC4357 /* C4.mp3 in Resources */ = {isa = PBXBuildFile; fileRef = C58D29321A2379D000EC4357 /* C4.mp3 */; };
		C58D29421A2379D000EC4357 /* D#.mp3 in Resources */ = {isa = PBXBuildFile; fileRef = C58D29331A2379D000EC4357 /* D#.mp3 */; };
		C58D29431A2379D000EC4357 /* D.mp3 in Resources */ = {isa = PBXBuildFile; fileRef = C58D29341A2379D000EC4357 /* D.mp3 */; };
		C58D29441A2379D000EC4357 /* E.mp3 in Resources */ = {isa = PBXBuildFile; fileRef = C58D29351A2379D000EC4357 /* E.mp3 */; };
		C58D29451A2379D000EC4357 /* F#.mp3 in Resources */ = {isa = PBXBuildFile; fileRef = C58D29361A2379D000EC4357 /* F#.mp3 */; };
		C58D29461A2379D000EC4357 /* F.mp3 in Resources */ = {isa = PBXBuildFile; fileRef = C58D29371A2379D000EC4357 /* F.mp3 */; };
		C58D29471A2379D000EC4357 /* G#.mp3 in Resources */ = {isa = PBXBuildFile; fileRef = C58D29381A2379D000EC4357 /* G#.mp3 */; };
		C58D29481A2379D000EC4357 /* G.mp3 in Resources */ = {isa = PBXBuildFile; fileRef = C58D29391A2379D000EC4357 /* G.mp3 */; };
/* End PBXBuildFile section */

/* Begin PBXContainerItemProxy section */
		C58D29191A23694200EC4357 /* PBXContainerItemProxy */ = {
			isa = PBXContainerItemProxy;
			containerPortal = C58D28FB1A23694100EC4357 /* Project object */;
			proxyType = 1;
			remoteGlobalIDString = C58D29021A23694100EC4357;
			remoteInfo = SwiftPiano;
		};
/* End PBXContainerItemProxy section */

/* Begin PBXFileReference section */
		C58D29031A23694100EC4357 /* SwiftPiano.app */ = {isa = PBXFileReference; explicitFileType = wrapper.application; includeInIndex = 0; path = SwiftPiano.app; sourceTree = BUILT_PRODUCTS_DIR; };
		C58D29071A23694200EC4357 /* Info.plist */ = {isa = PBXFileReference; lastKnownFileType = text.plist.xml; path = Info.plist; sourceTree = "<group>"; };
		C58D29081A23694200EC4357 /* AppDelegate.swift */ = {isa = PBXFileReference; lastKnownFileType = sourcecode.swift; path = AppDelegate.swift; sourceTree = "<group>"; };
		C58D290A1A23694200EC4357 /* ViewController.swift */ = {isa = PBXFileReference; lastKnownFileType = sourcecode.swift; path = ViewController.swift; sourceTree = "<group>"; };
		C58D290D1A23694200EC4357 /* Base */ = {isa = PBXFileReference; lastKnownFileType = file.storyboard; name = Base; path = Base.lproj/Main.storyboard; sourceTree = "<group>"; };
		C58D290F1A23694200EC4357 /* Images.xcassets */ = {isa = PBXFileReference; lastKnownFileType = folder.assetcatalog; path = Images.xcassets; sourceTree = "<group>"; };
		C58D29121A23694200EC4357 /* Base */ = {isa = PBXFileReference; lastKnownFileType = file.xib; name = Base; path = Base.lproj/LaunchScreen.xib; sourceTree = "<group>"; };
		C58D29181A23694200EC4357 /* SwiftPianoTests.xctest */ = {isa = PBXFileReference; explicitFileType = wrapper.cfbundle; includeInIndex = 0; path = SwiftPianoTests.xctest; sourceTree = BUILT_PRODUCTS_DIR; };
		C58D291D1A23694200EC4357 /* Info.plist */ = {isa = PBXFileReference; lastKnownFileType = text.plist.xml; path = Info.plist; sourceTree = "<group>"; };
		C58D291E1A23694200EC4357 /* SwiftPianoTests.swift */ = {isa = PBXFileReference; lastKnownFileType = sourcecode.swift; path = SwiftPianoTests.swift; sourceTree = "<group>"; };
		C58D292A1A2379D000EC4357 /* black.jpg */ = {isa = PBXFileReference; lastKnownFileType = image.jpeg; path = black.jpg; sourceTree = "<group>"; };
		C58D292B1A2379D000EC4357 /* white.jpg */ = {isa = PBXFileReference; lastKnownFileType = image.jpeg; path = white.jpg; sourceTree = "<group>"; };
		C58D292D1A2379D000EC4357 /* A#.mp3 */ = {isa = PBXFileReference; lastKnownFileType = audio.mp3; path = "A#.mp3"; sourceTree = "<group>"; };
		C58D292E1A2379D000EC4357 /* A.mp3 */ = {isa = PBXFileReference; lastKnownFileType = audio.mp3; path = A.mp3; sourceTree = "<group>"; };
		C58D292F1A2379D000EC4357 /* B.mp3 */ = {isa = PBXFileReference; lastKnownFileType = audio.mp3; path = B.mp3; sourceTree = "<group>"; };
		C58D29301A2379D000EC4357 /* C#.mp3 */ = {isa = PBXFileReference; lastKnownFileType = audio.mp3; path = "C#.mp3"; sourceTree = "<group>"; };
		C58D29311A2379D000EC4357 /* C3.mp3 */ = {isa = PBXFileReference; lastKnownFileType = audio.mp3; path = C3.mp3; sourceTree = "<group>"; };
		C58D29321A2379D000EC4357 /* C4.mp3 */ = {isa = PBXFileReference; lastKnownFileType = audio.mp3; path = C4.mp3; sourceTree = "<group>"; };
		C58D29331A2379D000EC4357 /* D#.mp3 */ = {isa = PBXFileReference; lastKnownFileType = audio.mp3; path = "D#.mp3"; sourceTree = "<group>"; };
		C58D29341A2379D000EC4357 /* D.mp3 */ = {isa = PBXFileReference; lastKnownFileType = audio.mp3; path = D.mp3; sourceTree = "<group>"; };
		C58D29351A2379D000EC4357 /* E.mp3 */ = {isa = PBXFileReference; lastKnownFileType = audio.mp3; path = E.mp3; sourceTree = "<group>"; };
		C58D29361A2379D000EC4357 /* F#.mp3 */ = {isa = PBXFileReference; lastKnownFileType = audio.mp3; path = "F#.mp3"; sourceTree = "<group>"; };
		C58D29371A2379D000EC4357 /* F.mp3 */ = {isa = PBXFileReference; lastKnownFileType = audio.mp3; path = F.mp3; sourceTree = "<group>"; };
		C58D29381A2379D000EC4357 /* G#.mp3 */ = {isa = PBXFileReference; lastKnownFileType = audio.mp3; path = "G#.mp3"; sourceTree = "<group>"; };
		C58D29391A2379D000EC4357 /* G.mp3 */ = {isa = PBXFileReference; lastKnownFileType = audio.mp3; path = G.mp3; sourceTree = "<group>"; };
/* End PBXFileReference section */

/* Begin PBXFrameworksBuildPhase section */
		C58D29001A23694100EC4357 /* Frameworks */ = {
			isa = PBXFrameworksBuildPhase;
			buildActionMask = 2147483647;
			files = (
			);
			runOnlyForDeploymentPostprocessing = 0;
		};
		C58D29151A23694200EC4357 /* Frameworks */ = {
			isa = PBXFrameworksBuildPhase;
			buildActionMask = 2147483647;
			files = (
			);
			runOnlyForDeploymentPostprocessing = 0;
		};
/* End PBXFrameworksBuildPhase section */

/* Begin PBXGroup section */
		C58D28FA1A23694100EC4357 = {
			isa = PBXGroup;
			children = (
				C58D29051A23694100EC4357 /* SwiftPiano */,
				C58D291B1A23694200EC4357 /* SwiftPianoTests */,
				C58D29041A23694100EC4357 /* Products */,
			);
			sourceTree = "<group>";
		};
		C58D29041A23694100EC4357 /* Products */ = {
			isa = PBXGroup;
			children = (
				C58D29031A23694100EC4357 /* SwiftPiano.app */,
				C58D29181A23694200EC4357 /* SwiftPianoTests.xctest */,
			);
			name = Products;
			sourceTree = "<group>";
		};
		C58D29051A23694100EC4357 /* SwiftPiano */ = {
			isa = PBXGroup;
			children = (
				C58D29281A2369D300EC4357 /* Resources */,
				C58D29081A23694200EC4357 /* AppDelegate.swift */,
				C58D290A1A23694200EC4357 /* ViewController.swift */,
				C58D290C1A23694200EC4357 /* Main.storyboard */,
				C58D290F1A23694200EC4357 /* Images.xcassets */,
				C58D29111A23694200EC4357 /* LaunchScreen.xib */,
				C58D29061A23694200EC4357 /* Supporting Files */,
			);
			path = SwiftPiano;
			sourceTree = "<group>";
		};
		C58D29061A23694200EC4357 /* Supporting Files */ = {
			isa = PBXGroup;
			children = (
				C58D29071A23694200EC4357 /* Info.plist */,
			);
			name = "Supporting Files";
			sourceTree = "<group>";
		};
		C58D291B1A23694200EC4357 /* SwiftPianoTests */ = {
			isa = PBXGroup;
			children = (
				C58D291E1A23694200EC4357 /* SwiftPianoTests.swift */,
				C58D291C1A23694200EC4357 /* Supporting Files */,
			);
			path = SwiftPianoTests;
			sourceTree = "<group>";
		};
		C58D291C1A23694200EC4357 /* Supporting Files */ = {
			isa = PBXGroup;
			children = (
				C58D291D1A23694200EC4357 /* Info.plist */,
			);
			name = "Supporting Files";
			sourceTree = "<group>";
		};
		C58D29281A2369D300EC4357 /* Resources */ = {
			isa = PBXGroup;
			children = (
				C58D29291A2379D000EC4357 /* image */,
				C58D292C1A2379D000EC4357 /* sound */,
			);
			name = Resources;
			sourceTree = "<group>";
		};
		C58D29291A2379D000EC4357 /* image */ = {
			isa = PBXGroup;
			children = (
				C58D292A1A2379D000EC4357 /* black.jpg */,
				C58D292B1A2379D000EC4357 /* white.jpg */,
			);
			path = image;
			sourceTree = "<group>";
		};
		C58D292C1A2379D000EC4357 /* sound */ = {
			isa = PBXGroup;
			children = (
				C58D292D1A2379D000EC4357 /* A#.mp3 */,
				C58D292E1A2379D000EC4357 /* A.mp3 */,
				C58D292F1A2379D000EC4357 /* B.mp3 */,
				C58D29301A2379D000EC4357 /* C#.mp3 */,
				C58D29311A2379D000EC4357 /* C3.mp3 */,
				C58D29321A2379D000EC4357 /* C4.mp3 */,
				C58D29331A2379D000EC4357 /* D#.mp3 */,
				C58D29341A2379D000EC4357 /* D.mp3 */,
				C58D29351A2379D000EC4357 /* E.mp3 */,
				C58D29361A2379D000EC4357 /* F#.mp3 */,
				C58D29371A2379D000EC4357 /* F.mp3 */,
				C58D29381A2379D000EC4357 /* G#.mp3 */,
				C58D29391A2379D000EC4357 /* G.mp3 */,
			);
			path = sound;
			sourceTree = "<group>";
		};
/* End PBXGroup section */

/* Begin PBXNativeTarget section */
		C58D29021A23694100EC4357 /* SwiftPiano */ = {
			isa = PBXNativeTarget;
			buildConfigurationList = C58D29221A23694200EC4357 /* Build configuration list for PBXNativeTarget "SwiftPiano" */;
			buildPhases = (
				C58D28FF1A23694100EC4357 /* Sources */,
				C58D29001A23694100EC4357 /* Frameworks */,
				C58D29011A23694100EC4357 /* Resources */,
			);
			buildRules = (
			);
			dependencies = (
			);
			name = SwiftPiano;
			productName = SwiftPiano;
			productReference = C58D29031A23694100EC4357 /* SwiftPiano.app */;
			productType = "com.apple.product-type.application";
		};
		C58D29171A23694200EC4357 /* SwiftPianoTests */ = {
			isa = PBXNativeTarget;
			buildConfigurationList = C58D29251A23694200EC4357 /* Build configuration list for PBXNativeTarget "SwiftPianoTests" */;
			buildPhases = (
				C58D29141A23694200EC4357 /* Sources */,
				C58D29151A23694200EC4357 /* Frameworks */,
				C58D29161A23694200EC4357 /* Resources */,
			);
			buildRules = (
			);
			dependencies = (
				C58D291A1A23694200EC4357 /* PBXTargetDependency */,
			);
			name = SwiftPianoTests;
			productName = SwiftPianoTests;
			productReference = C58D29181A23694200EC4357 /* SwiftPianoTests.xctest */;
			productType = "com.apple.product-type.bundle.unit-test";
		};
/* End PBXNativeTarget section */

/* Begin PBXProject section */
		C58D28FB1A23694100EC4357 /* Project object */ = {
			isa = PBXProject;
			attributes = {
				LastUpgradeCheck = 0610;
				ORGANIZATIONNAME = MikiyaFukuda;
				TargetAttributes = {
					C58D29021A23694100EC4357 = {
						CreatedOnToolsVersion = 6.1;
						DevelopmentTeam = P75LYRU9H5;
					};
					C58D29171A23694200EC4357 = {
						CreatedOnToolsVersion = 6.1;
						TestTargetID = C58D29021A23694100EC4357;
					};
				};
			};
			buildConfigurationList = C58D28FE1A23694100EC4357 /* Build configuration list for PBXProject "SwiftPiano" */;
			compatibilityVersion = "Xcode 3.2";
			developmentRegion = English;
			hasScannedForEncodings = 0;
			knownRegions = (
				en,
				Base,
			);
			mainGroup = C58D28FA1A23694100EC4357;
			productRefGroup = C58D29041A23694100EC4357 /* Products */;
			projectDirPath = "";
			projectRoot = "";
			targets = (
				C58D29021A23694100EC4357 /* SwiftPiano */,
				C58D29171A23694200EC4357 /* SwiftPianoTests */,
			);
		};
/* End PBXProject section */

/* Begin PBXResourcesBuildPhase section */
		C58D29011A23694100EC4357 /* Resources */ = {
			isa = PBXResourcesBuildPhase;
			buildActionMask = 2147483647;
			files = (
				C58D29451A2379D000EC4357 /* F#.mp3 in Resources */,
				C58D29401A2379D000EC4357 /* C3.mp3 in Resources */,
				C58D293F1A2379D000EC4357 /* C#.mp3 in Resources */,
				C58D293B1A2379D000EC4357 /* white.jpg in Resources */,
				C58D293D1A2379D000EC4357 /* A.mp3 in Resources */,
				C58D29471A2379D000EC4357 /* G#.mp3 in Resources */,
				C58D29481A2379D000EC4357 /* G.mp3 in Resources */,
				C58D29431A2379D000EC4357 /* D.mp3 in Resources */,
				C58D290E1A23694200EC4357 /* Main.storyboard in Resources */,
				C58D29441A2379D000EC4357 /* E.mp3 in Resources */,
				C58D293A1A2379D000EC4357 /* black.jpg in Resources */,
				C58D29461A2379D000EC4357 /* F.mp3 in Resources */,
				C58D29131A23694200EC4357 /* LaunchScreen.xib in Resources */,
				C58D29421A2379D000EC4357 /* D#.mp3 in Resources */,
				C58D293E1A2379D000EC4357 /* B.mp3 in Resources */,
				C58D293C1A2379D000EC4357 /* A#.mp3 in Resources */,
				C58D29101A23694200EC4357 /* Images.xcassets in Resources */,
				C58D29411A2379D000EC4357 /* C4.mp3 in Resources */,
			);
			runOnlyForDeploymentPostprocessing = 0;
		};
		C58D29161A23694200EC4357 /* Resources */ = {
			isa = PBXResourcesBuildPhase;
			buildActionMask = 2147483647;
			files = (
			);
			runOnlyForDeploymentPostprocessing = 0;
		};
/* End PBXResourcesBuildPhase section */

/* Begin PBXSourcesBuildPhase section */
		C58D28FF1A23694100EC4357 /* Sources */ = {
			isa = PBXSourcesBuildPhase;
			buildActionMask = 2147483647;
			files = (
				C58D290B1A23694200EC4357 /* ViewController.swift in Sources */,
				C58D29091A23694200EC4357 /* AppDelegate.swift in Sources */,
			);
			runOnlyForDeploymentPostprocessing = 0;
		};
		C58D29141A23694200EC4357 /* Sources */ = {
			isa = PBXSourcesBuildPhase;
			buildActionMask = 2147483647;
			files = (
				C58D291F1A23694200EC4357 /* SwiftPianoTests.swift in Sources */,
			);
			runOnlyForDeploymentPostprocessing = 0;
		};
/* End PBXSourcesBuildPhase section */

/* Begin PBXTargetDependency section */
		C58D291A1A23694200EC4357 /* PBXTargetDependency */ = {
			isa = PBXTargetDependency;
			target = C58D29021A23694100EC4357 /* SwiftPiano */;
			targetProxy = C58D29191A23694200EC4357 /* PBXContainerItemProxy */;
		};
/* End PBXTargetDependency section */

/* Begin PBXVariantGroup section */
		C58D290C1A23694200EC4357 /* Main.storyboard */ = {
			isa = PBXVariantGroup;
			children = (
				C58D290D1A23694200EC4357 /* Base */,
			);
			name = Main.storyboard;
			sourceTree = "<group>";
		};
		C58D29111A23694200EC4357 /* LaunchScreen.xib */ = {
			isa = PBXVariantGroup;
			children = (
				C58D29121A23694200EC4357 /* Base */,
			);
			name = LaunchScreen.xib;
			sourceTree = "<group>";
		};
/* End PBXVariantGroup section */

/* Begin XCBuildConfiguration section */
		C58D29201A23694200EC4357 /* Debug */ = {
			isa = XCBuildConfiguration;
			buildSettings = {
				ALWAYS_SEARCH_USER_PATHS = NO;
				CLANG_CXX_LANGUAGE_STANDARD = "gnu++0x";
				CLANG_CXX_LIBRARY = "libc++";
				CLANG_ENABLE_MODULES = YES;
				CLANG_ENABLE_OBJC_ARC = YES;
				CLANG_WARN_BOOL_CONVERSION = YES;
				CLANG_WARN_CONSTANT_CONVERSION = YES;
				CLANG_WARN_DIRECT_OBJC_ISA_USAGE = YES_ERROR;
				CLANG_WARN_EMPTY_BODY = YES;
				CLANG_WARN_ENUM_CONVERSION = YES;
				CLANG_WARN_INT_CONVERSION = YES;
				CLANG_WARN_OBJC_ROOT_CLASS = YES_ERROR;
				CLANG_WARN_UNREACHABLE_CODE = YES;
				CLANG_WARN__DUPLICATE_METHOD_MATCH = YES;
				"CODE_SIGN_IDENTITY[sdk=iphoneos*]" = "iPhone Developer";
				COPY_PHASE_STRIP = NO;
				ENABLE_STRICT_OBJC_MSGSEND = YES;
				GCC_C_LANGUAGE_STANDARD = gnu99;
				GCC_DYNAMIC_NO_PIC = NO;
				GCC_OPTIMIZATION_LEVEL = 0;
				GCC_PREPROCESSOR_DEFINITIONS = (
					"DEBUG=1",
					"$(inherited)",
				);
				GCC_SYMBOLS_PRIVATE_EXTERN = NO;
				GCC_WARN_64_TO_32_BIT_CONVERSION = YES;
				GCC_WARN_ABOUT_RETURN_TYPE = YES_ERROR;
				GCC_WARN_UNDECLARED_SELECTOR = YES;
				GCC_WARN_UNINITIALIZED_AUTOS = YES_AGGRESSIVE;
				GCC_WARN_UNUSED_FUNCTION = YES;
				GCC_WARN_UNUSED_VARIABLE = YES;
				IPHONEOS_DEPLOYMENT_TARGET = 8.1;
				MTL_ENABLE_DEBUG_INFO = YES;
				ONLY_ACTIVE_ARCH = YES;
				SDKROOT = iphoneos;
				SWIFT_OPTIMIZATION_LEVEL = "-Onone";
			};
			name = Debug;
		};
		C58D29211A23694200EC4357 /* Release */ = {
			isa = XCBuildConfiguration;
			buildSettings = {
				ALWAYS_SEARCH_USER_PATHS = NO;
				CLANG_CXX_LANGUAGE_STANDARD = "gnu++0x";
				CLANG_CXX_LIBRARY = "libc++";
				CLANG_ENABLE_MODULES = YES;
				CLANG_ENABLE_OBJC_ARC = YES;
				CLANG_WARN_BOOL_CONVERSION = YES;
				CLANG_WARN_CONSTANT_CONVERSION = YES;
				CLANG_WARN_DIRECT_OBJC_ISA_USAGE = YES_ERROR;
				CLANG_WARN_EMPTY_BODY = YES;
				CLANG_WARN_ENUM_CONVERSION = YES;
				CLANG_WARN_INT_CONVERSION = YES;
				CLANG_WARN_OBJC_ROOT_CLASS = YES_ERROR;
				CLANG_WARN_UNREACHABLE_CODE = YES;
				CLANG_WARN__DUPLICATE_METHOD_MATCH = YES;
				"CODE_SIGN_IDENTITY[sdk=iphoneos*]" = "iPhone Developer";
				COPY_PHASE_STRIP = YES;
				ENABLE_NS_ASSERTIONS = NO;
				ENABLE_STRICT_OBJC_MSGSEND = YES;
				GCC_C_LANGUAGE_STANDARD = gnu99;
				GCC_WARN_64_TO_32_BIT_CONVERSION = YES;
				GCC_WARN_ABOUT_RETURN_TYPE = YES_ERROR;
				GCC_WARN_UNDECLARED_SELECTOR = YES;
				GCC_WARN_UNINITIALIZED_AUTOS = YES_AGGRESSIVE;
				GCC_WARN_UNUSED_FUNCTION = YES;
				GCC_WARN_UNUSED_VARIABLE = YES;
				IPHONEOS_DEPLOYMENT_TARGET = 8.1;
				MTL_ENABLE_DEBUG_INFO = NO;
				SDKROOT = iphoneos;
				VALIDATE_PRODUCT = YES;
			};
			name = Release;
		};
		C58D29231A23694200EC4357 /* Debug */ = {
			isa = XCBuildConfiguration;
			buildSettings = {
				ASSETCATALOG_COMPILER_APPICON_NAME = AppIcon;
				INFOPLIST_FILE = SwiftPiano/Info.plist;
				LD_RUNPATH_SEARCH_PATHS = "$(inherited) @executable_path/Frameworks";
				PRODUCT_NAME = "$(TARGET_NAME)";
			};
			name = Debug;
		};
		C58D29241A23694200EC4357 /* Release */ = {
			isa = XCBuildConfiguration;
			buildSettings = {
				ASSETCATALOG_COMPILER_APPICON_NAME = AppIcon;
				INFOPLIST_FILE = SwiftPiano/Info.plist;
				LD_RUNPATH_SEARCH_PATHS = "$(inherited) @executable_path/Frameworks";
				PRODUCT_NAME = "$(TARGET_NAME)";
			};
			name = Release;
		};
		C58D29261A23694200EC4357 /* Debug */ = {
			isa = XCBuildConfiguration;
			buildSettings = {
				BUNDLE_LOADER = "$(TEST_HOST)";
				FRAMEWORK_SEARCH_PATHS = (
					"$(SDKROOT)/Developer/Library/Frameworks",
					"$(inherited)",
				);
				GCC_PREPROCESSOR_DEFINITIONS = (
					"DEBUG=1",
					"$(inherited)",
				);
				INFOPLIST_FILE = SwiftPianoTests/Info.plist;
				LD_RUNPATH_SEARCH_PATHS = "$(inherited) @executable_path/Frameworks @loader_path/Frameworks";
				PRODUCT_NAME = "$(TARGET_NAME)";
				TEST_HOST = "$(BUILT_PRODUCTS_DIR)/SwiftPiano.app/SwiftPiano";
			};
			name = Debug;
		};
		C58D29271A23694200EC4357 /* Release */ = {
			isa = XCBuildConfiguration;
			buildSettings = {
				BUNDLE_LOADER = "$(TEST_HOST)";
				FRAMEWORK_SEARCH_PATHS = (
					"$(SDKROOT)/Developer/Library/Frameworks",
					"$(inherited)",
				);
				INFOPLIST_FILE = SwiftPianoTests/Info.plist;
				LD_RUNPATH_SEARCH_PATHS = "$(inherited) @executable_path/Frameworks @loader_path/Frameworks";
				PRODUCT_NAME = "$(TARGET_NAME)";
				TEST_HOST = "$(BUILT_PRODUCTS_DIR)/SwiftPiano.app/SwiftPiano";
			};
			name = Release;
		};
/* End XCBuildConfiguration section */

/* Begin XCConfigurationList section */
		C58D28FE1A23694100EC4357 /* Build configuration list for PBXProject "SwiftPiano" */ = {
			isa = XCConfigurationList;
			buildConfigurations = (
				C58D29201A23694200EC4357 /* Debug */,
				C58D29211A23694200EC4357 /* Release */,
			);
			defaultConfigurationIsVisible = 0;
			defaultConfigurationName = Release;
		};
		C58D29221A23694200EC4357 /* Build configuration list for PBXNativeTarget "SwiftPiano" */ = {
			isa = XCConfigurationList;
			buildConfigurations = (
				C58D29231A23694200EC4357 /* Debug */,
				C58D29241A23694200EC4357 /* Release */,
			);
			defaultConfigurationIsVisible = 0;
		};
		C58D29251A23694200EC4357 /* Build configuration list for PBXNativeTarget "SwiftPianoTests" */ = {
			isa = XCConfigurationList;
			buildConfigurations = (
				C58D29261A23694200EC4357 /* Debug */,
				C58D29271A23694200EC4357 /* Release */,
			);
			defaultConfigurationIsVisible = 0;
		};
/* End XCConfigurationList section */
	};
	rootObject = C58D28FB1A23694100EC4357 /* Project object */;
}
